
Microsoft Visual Studio Solution File, Format Version 12.00
# Visual Studio Version 16
VisualStudioVersion = 16.0.30621.155
MinimumVisualStudioVersion = 10.0.40219.1
Project("{9A19103F-16F7-4668-BE54-9A1E7A4F7556}") = "Game.Desktop", "Desktop\Game.Desktop.csproj", "{B93E5797-6AD9-48D4-8ABD-2034CE4E0A24}"
EndProject
Project("{FAE04EC0-301F-11D3-BF4B-00C04F79EFBC}") = "Game.Android", "Android\Game.Android.csproj", "{953AE14B-BE7A-445B-8102-AFD7494F2AB3}"
EndProject
Project("{2150E333-8FDC-42A3-9474-1A3956D46DE8}") = "Solution Items", "Solution Items", "{4A9C5563-28E1-49C0-BC1B-1C28486F66ED}"
	ProjectSection(SolutionItems) = preProject
		.editorconfig = .editorconfig
		..\Credits.md = ..\Credits.md
		..\DevelopmentLog.md = ..\DevelopmentLog.md
		Directory.Build.props = Directory.Build.props
		..\README.md = ..\README.md
		VersionAssemblyInfo.cs = VersionAssemblyInfo.cs
	EndProjectSection
EndProject
Project("{9A19103F-16F7-4668-BE54-9A1E7A4F7556}") = "Game.Core", "Core\Game.Core.csproj", "{9362BF8E-BC51-44B4-BCA4-D385257349EB}"
EndProject
Project("{2150E333-8FDC-42A3-9474-1A3956D46DE8}") = "Content", "Content", "{A17D819B-58BB-4976-A89C-B96F40EE4932}"
	ProjectSection(SolutionItems) = preProject
		Content\Content.mgcb = Content\Content.mgcb
	EndProjectSection
EndProject
Project("{2150E333-8FDC-42A3-9474-1A3956D46DE8}") = "tilemaps", "tilemaps", "{E8F5B9B9-EB81-49DB-8857-5E55AC716FF5}"
	ProjectSection(SolutionItems) = preProject
		Content\tilemaps\bobs-hut.tmx = Content\tilemaps\bobs-hut.tmx
		Content\tilemaps\objects.png = Content\tilemaps\objects.png
		Content\tilemaps\objects.tsx = Content\tilemaps\objects.tsx
		Content\tilemaps\ultima4-tiles-vga.png = Content\tilemaps\ultima4-tiles-vga.png
		Content\tilemaps\ultima4-tileset.tsx = Content\tilemaps\ultima4-tileset.tsx
		Content\tilemaps\wilderness.tmx = Content\tilemaps\wilderness.tmx
	EndProjectSection
EndProject
Project("{2150E333-8FDC-42A3-9474-1A3956D46DE8}") = "fonts", "fonts", "{B078FB54-1572-4D2E-BF6D-461D7D732449}"
	ProjectSection(SolutionItems) = preProject
		Content\fonts\BlackcastleMF.ttf = Content\fonts\BlackcastleMF.ttf
		Content\fonts\BlackcastleMF48.spritefont = Content\fonts\BlackcastleMF48.spritefont
		Content\fonts\PixelAzureBonds.ttf = Content\fonts\PixelAzureBonds.ttf
		Content\fonts\PixelAzureBonds24.spritefont = Content\fonts\PixelAzureBonds24.spritefont
		Content\fonts\PixelAzureBondsBitmap24.fnt = Content\fonts\PixelAzureBondsBitmap24.fnt
		Content\fonts\PixelAzureBondsBitmap24Texture.png = Content\fonts\PixelAzureBondsBitmap24Texture.png
	EndProjectSection
EndProject
Global
	GlobalSection(SolutionConfigurationPlatforms) = preSolution
		Debug|Any CPU = Debug|Any CPU
		Release|Any CPU = Release|Any CPU
	EndGlobalSection
	GlobalSection(ProjectConfigurationPlatforms) = postSolution
		{B93E5797-6AD9-48D4-8ABD-2034CE4E0A24}.Debug|Any CPU.ActiveCfg = Debug|Any CPU
		{B93E5797-6AD9-48D4-8ABD-2034CE4E0A24}.Debug|Any CPU.Build.0 = Debug|Any CPU
		{B93E5797-6AD9-48D4-8ABD-2034CE4E0A24}.Release|Any CPU.ActiveCfg = Release|Any CPU
		{B93E5797-6AD9-48D4-8ABD-2034CE4E0A24}.Release|Any CPU.Build.0 = Release|Any CPU
		{953AE14B-BE7A-445B-8102-AFD7494F2AB3}.Debug|Any CPU.ActiveCfg = Debug|Any CPU
		{953AE14B-BE7A-445B-8102-AFD7494F2AB3}.Debug|Any CPU.Build.0 = Debug|Any CPU
		{953AE14B-BE7A-445B-8102-AFD7494F2AB3}.Debug|Any CPU.Deploy.0 = Debug|Any CPU
		{953AE14B-BE7A-445B-8102-AFD7494F2AB3}.Release|Any CPU.ActiveCfg = Release|Any CPU
		{953AE14B-BE7A-445B-8102-AFD7494F2AB3}.Release|Any CPU.Build.0 = Release|Any CPU
		{953AE14B-BE7A-445B-8102-AFD7494F2AB3}.Release|Any CPU.Deploy.0 = Release|Any CPU
		{9362BF8E-BC51-44B4-BCA4-D385257349EB}.Debug|Any CPU.ActiveCfg = Debug|Any CPU
		{9362BF8E-BC51-44B4-BCA4-D385257349EB}.Debug|Any CPU.Build.0 = Debug|Any CPU
		{9362BF8E-BC51-44B4-BCA4-D385257349EB}.Release|Any CPU.ActiveCfg = Release|Any CPU
		{9362BF8E-BC51-44B4-BCA4-D385257349EB}.Release|Any CPU.Build.0 = Release|Any CPU
	EndGlobalSection
	GlobalSection(SolutionProperties) = preSolution
		HideSolutionNode = FALSE
	EndGlobalSection
	GlobalSection(NestedProjects) = preSolution
		{E8F5B9B9-EB81-49DB-8857-5E55AC716FF5} = {A17D819B-58BB-4976-A89C-B96F40EE4932}
		{B078FB54-1572-4D2E-BF6D-461D7D732449} = {A17D819B-58BB-4976-A89C-B96F40EE4932}
	EndGlobalSection
	GlobalSection(ExtensibilityGlobals) = postSolution
		SolutionGuid = {A1DD6C71-43F4-4D86-B349-F24835E34BAD}
	EndGlobalSection
EndGlobal
